
Microsoft Visual Studio Solution File, Format Version 11.00
# Visual Studio 2010
Project("{FAE04EC0-301F-11D3-BF4B-00C04F79EFBC}") = "Airplains", "Assembly-CSharp-firstpass.csproj", "{08B30618-CF46-AF15-A0F9-989FBAFEEA05}"
EndProject
Project("{BD8EDC3A-9936-975C-2043-DFF6115780EA}") = "Airplains", "Assembly-UnityScript.unityproj", "{9F597540-4120-75C0-E9AD-D85F5FE375CC}"
EndProject
Project("{FAE04EC0-301F-11D3-BF4B-00C04F79EFBC}") = "Airplains", "Assembly-CSharp-Editor-firstpass.csproj", "{83C69DD7-2B99-A4EE-4C9D-98BD28B86708}"
EndProject
Global
	GlobalSection(SolutionConfigurationPlatforms) = preSolution
		Debug|Any CPU = Debug|Any CPU
		Release|Any CPU = Release|Any CPU
	EndGlobalSection
	GlobalSection(ProjectConfigurationPlatforms) = postSolution
		{08B30618-CF46-AF15-A0F9-989FBAFEEA05}.Debug|Any CPU.ActiveCfg = Debug|Any CPU
		{08B30618-CF46-AF15-A0F9-989FBAFEEA05}.Debug|Any CPU.Build.0 = Debug|Any CPU
		{08B30618-CF46-AF15-A0F9-989FBAFEEA05}.Release|Any CPU.ActiveCfg = Release|Any CPU
		{08B30618-CF46-AF15-A0F9-989FBAFEEA05}.Release|Any CPU.Build.0 = Release|Any CPU
		{9F597540-4120-75C0-E9AD-D85F5FE375CC}.Debug|Any CPU.ActiveCfg = Debug|Any CPU
		{9F597540-4120-75C0-E9AD-D85F5FE375CC}.Debug|Any CPU.Build.0 = Debug|Any CPU
		{9F597540-4120-75C0-E9AD-D85F5FE375CC}.Release|Any CPU.ActiveCfg = Release|Any CPU
		{9F597540-4120-75C0-E9AD-D85F5FE375CC}.Release|Any CPU.Build.0 = Release|Any CPU
		{83C69DD7-2B99-A4EE-4C9D-98BD28B86708}.Debug|Any CPU.ActiveCfg = Debug|Any CPU
		{83C69DD7-2B99-A4EE-4C9D-98BD28B86708}.Debug|Any CPU.Build.0 = Debug|Any CPU
		{83C69DD7-2B99-A4EE-4C9D-98BD28B86708}.Release|Any CPU.ActiveCfg = Release|Any CPU
		{83C69DD7-2B99-A4EE-4C9D-98BD28B86708}.Release|Any CPU.Build.0 = Release|Any CPU
	EndGlobalSection
	GlobalSection(SolutionProperties) = preSolution
		HideSolutionNode = FALSE
	EndGlobalSection
	GlobalSection(MonoDevelopProperties) = preSolution
		StartupItem = Assembly-CSharp.csproj
	EndGlobalSection
EndGlobal
